
Microsoft Visual Studio Solution File, Format Version 12.00
# Visual Studio Version 17
VisualStudioVersion = 17.9.34622.214
MinimumVisualStudioVersion = 10.0.40219.1
Project("{9A19103F-16F7-4668-BE54-9A1E7A4F7556}") = "meadow1", "meadow1\meadow1.csproj", "{602077C6-EB83-4627-97FB-FC70230EC4AF}"
EndProject
Project("{FAE04EC0-301F-11D3-BF4B-00C04F79EFBC}") = "SoundPlayer", "SoundPlayer\SoundPlayer.csproj", "{643077F2-7387-4BCB-8E8D-D98D1820A08C}"
EndProject
Global
	GlobalSection(SolutionConfigurationPlatforms) = preSolution
		Debug|Any CPU = Debug|Any CPU
		Release|Any CPU = Release|Any CPU
	EndGlobalSection
	GlobalSection(ProjectConfigurationPlatforms) = postSolution
		{602077C6-EB83-4627-97FB-FC70230EC4AF}.Debug|Any CPU.ActiveCfg = Debug|Any CPU
		{602077C6-EB83-4627-97FB-FC70230EC4AF}.Debug|Any CPU.Build.0 = Debug|Any CPU
		{602077C6-EB83-4627-97FB-FC70230EC4AF}.Debug|Any CPU.Deploy.0 = Debug|Any CPU
		{602077C6-EB83-4627-97FB-FC70230EC4AF}.Release|Any CPU.ActiveCfg = Release|Any CPU
		{602077C6-EB83-4627-97FB-FC70230EC4AF}.Release|Any CPU.Build.0 = Release|Any CPU
		{602077C6-EB83-4627-97FB-FC70230EC4AF}.Release|Any CPU.Deploy.0 = Release|Any CPU
		{643077F2-7387-4BCB-8E8D-D98D1820A08C}.Debug|Any CPU.ActiveCfg = Debug|Any CPU
		{643077F2-7387-4BCB-8E8D-D98D1820A08C}.Debug|Any CPU.Build.0 = Debug|Any CPU
		{643077F2-7387-4BCB-8E8D-D98D1820A08C}.Release|Any CPU.ActiveCfg = Release|Any CPU
		{643077F2-7387-4BCB-8E8D-D98D1820A08C}.Release|Any CPU.Build.0 = Release|Any CPU
	EndGlobalSection
	GlobalSection(SolutionProperties) = preSolution
		HideSolutionNode = FALSE
	EndGlobalSection
	GlobalSection(ExtensibilityGlobals) = postSolution
		SolutionGuid = {61C30DFE-6543-48C6-A813-325E2C5C110F}
	EndGlobalSection
EndGlobal
